{
  "name": "@nexia/cli",
  "version": "0.1.0-alpha.3",
  "lockfileVersion": 3,
  "requires": true,
  "packages": {
    "": {
      "name": "@nexia/cli",
      "version": "0.1.0-alpha.3",
      "license": "UNLICENSED",
      "dependencies": {
        "@nexia/dev-client": "0.1.0-alpha.1",
        "@nexia/dev-protocol": "0.1.0-alpha.1"
      },
      "bin": {
        "nexia": "src/cli.js"
      },
      "engines": {
        "node": ">=22"
      }
    },
    "node_modules/@nexia/dev-client": {
      "version": "0.1.0-alpha.1",
      "resolved": "https://registry.npmjs.org/@nexia/dev-client/-/dev-client-0.1.0-alpha.1.tgz",
      "integrity": "sha512-oNhJl+z1q14Fl78lkjl78vekqcMbQxOAxdg8vV8L5uZwydkOLEXRBbbr6aiKTGrVJyPzT9eSDisRVVjX9pNheA==",
      "license": "UNLICENSED",
      "dependencies": {
        "@nexia/dev-protocol": "0.1.0-alpha.1"
      },
      "engines": {
        "node": ">=22"
      }
    },
    "node_modules/@nexia/dev-protocol": {
      "version": "0.1.0-alpha.1",
      "resolved": "https://registry.npmjs.org/@nexia/dev-protocol/-/dev-protocol-0.1.0-alpha.1.tgz",
      "integrity": "sha512-eG91gROA1mxZaN0Jd/F/bBnPwSuwpyjZwXt/RfIpiKVz7eHCp2T6NO9tXbr4VEorWDtzgoNqZhB7zMXV3irQ+A==",
      "license": "UNLICENSED",
      "engines": {
        "node": ">=22"
      }
    }
  }
}
