{
  "name": "@nexia/cli",
  "version": "0.2.0-alpha.1",
  "lockfileVersion": 3,
  "requires": true,
  "packages": {
    "": {
      "name": "@nexia/cli",
      "version": "0.2.0-alpha.1",
      "license": "UNLICENSED",
      "dependencies": {
        "@nexia/dev-client": "0.1.0-alpha.2",
        "@nexia/dev-protocol": "0.1.0-alpha.2"
      },
      "bin": {
        "nexia": "src/cli.js"
      },
      "engines": {
        "node": ">=22"
      }
    },
    "node_modules/@nexia/dev-client": {
      "version": "0.1.0-alpha.2",
      "resolved": "https://registry.npmjs.org/@nexia/dev-client/-/dev-client-0.1.0-alpha.2.tgz",
      "integrity": "sha512-y2fsJ7UWIBkRwfW7CDWNtATDhNQ/5o2wd3a0TZj59vkCwJzKH1hD+lPxE4QRWquz9kll3WM3essJCcZhp4Wk8A==",
      "license": "UNLICENSED",
      "dependencies": {
        "@nexia/dev-protocol": "0.1.0-alpha.2"
      },
      "engines": {
        "node": ">=22"
      }
    },
    "node_modules/@nexia/dev-protocol": {
      "version": "0.1.0-alpha.2",
      "resolved": "https://registry.npmjs.org/@nexia/dev-protocol/-/dev-protocol-0.1.0-alpha.2.tgz",
      "integrity": "sha512-ATME7k9o4bbRC+WzCqi8DKk7jbxyDHvlL42gbkow6xRAN1o1+SfEY5fMZ1MoR/RjD797Fkbc9UC5+2ChL61gMw==",
      "license": "UNLICENSED",
      "engines": {
        "node": ">=22"
      }
    }
  }
}
